{
  "name": "sistema-emprestimo-pessoal",
  "lockfileVersion": 3,
  "requires": true,
  "packages": {
    "": {
      "dependencies": {
        "maska": "^2.1.9"
      }
    },
    "node_modules/maska": {
      "version": "2.1.9",
      "resolved": "https://registry.npmjs.org/maska/-/maska-2.1.9.tgz",
      "integrity": "sha512-LlAHN/ivh1NpwQSDrOWkj4PJlbMXkH2X0r1L4Pm9k6laO/0vxORLfogeLDPKLAbkJEugjfGS5wjhGE96iRpqbw=="
    }
  }
}
